
Microsoft Visual Studio Solution File, Format Version 12.00
# Visual Studio 15
VisualStudioVersion = 15.0.27004.2005
MinimumVisualStudioVersion = 10.0.40219.1
Project("{8BC9CEB8-8B4A-11D0-8D11-00A0C91BC942}") = "RootMaster", "RootMaster\RootMaster.vcxproj", "{2DC9FD1A-9391-4119-8507-91029CC7DD9C}"
EndProject
Global
	GlobalSection(SolutionConfigurationPlatforms) = preSolution
		Debug|x64 = Debug|x64
		Debug|x86 = Debug|x86
		Release|x64 = Release|x64
		Release|x86 = Release|x86
	EndGlobalSection
	GlobalSection(ProjectConfigurationPlatforms) = postSolution
		{2DC9FD1A-9391-4119-8507-91029CC7DD9C}.Debug|x64.ActiveCfg = Debug|x64
		{2DC9FD1A-9391-4119-8507-91029CC7DD9C}.Debug|x64.Build.0 = Debug|x64
		{2DC9FD1A-9391-4119-8507-91029CC7DD9C}.Debug|x86.ActiveCfg = Debug|Win32
		{2DC9FD1A-9391-4119-8507-91029CC7DD9C}.Debug|x86.Build.0 = Debug|Win32
		{2DC9FD1A-9391-4119-8507-91029CC7DD9C}.Release|x64.ActiveCfg = Release|x64
		{2DC9FD1A-9391-4119-8507-91029CC7DD9C}.Release|x64.Build.0 = Release|x64
		{2DC9FD1A-9391-4119-8507-91029CC7DD9C}.Release|x86.ActiveCfg = Release|Win32
		{2DC9FD1A-9391-4119-8507-91029CC7DD9C}.Release|x86.Build.0 = Release|Win32
	EndGlobalSection
	GlobalSection(SolutionProperties) = preSolution
		HideSolutionNode = FALSE
	EndGlobalSection
	GlobalSection(ExtensibilityGlobals) = postSolution
		SolutionGuid = {E4DC2BB4-5BEA-44A0-8929-0056EC8783D8}
	EndGlobalSection
EndGlobal
